
Microsoft Visual Studio Solution File, Format Version 12.00
# Visual Studio Version 16
VisualStudioVersion = 16.0.31321.278
MinimumVisualStudioVersion = 10.0.40219.1
Project("{FAE04EC0-301F-11D3-BF4B-00C04F79EFBC}") = "WpfCRM", "WpfCRM\WpfCRM.csproj", "{8C7992E1-1AF1-4F1F-A915-A3FEEDBFFFA0}"
EndProject
Global
	GlobalSection(SolutionConfigurationPlatforms) = preSolution
		Debug|Any CPU = Debug|Any CPU
		Release|Any CPU = Release|Any CPU
	EndGlobalSection
	GlobalSection(ProjectConfigurationPlatforms) = postSolution
		{8C7992E1-1AF1-4F1F-A915-A3FEEDBFFFA0}.Debug|Any CPU.ActiveCfg = Debug|Any CPU
		{8C7992E1-1AF1-4F1F-A915-A3FEEDBFFFA0}.Debug|Any CPU.Build.0 = Debug|Any CPU
		{8C7992E1-1AF1-4F1F-A915-A3FEEDBFFFA0}.Release|Any CPU.ActiveCfg = Release|Any CPU
		{8C7992E1-1AF1-4F1F-A915-A3FEEDBFFFA0}.Release|Any CPU.Build.0 = Release|Any CPU
	EndGlobalSection
	GlobalSection(SolutionProperties) = preSolution
		HideSolutionNode = FALSE
	EndGlobalSection
	GlobalSection(ExtensibilityGlobals) = postSolution
		SolutionGuid = {809B6360-B9E4-4A2A-A986-E1FA60950B29}
	EndGlobalSection
EndGlobal
